// !$*UTF8*$!
{
	archiveVersion = 1;
	classes = {
	};
	objectVersion = 46;
	objects = {

/* Begin PBXBuildFile section */
		0B4EB4FB1BC4B71300091B3D /* main.m in Sources */ = {isa = PBXBuildFile; fileRef = 0B4EB4FA1BC4B71300091B3D /* main.m */; };
		0B4EB4FE1BC4B71300091B3D /* AppDelegate.m in Sources */ = {isa = PBXBuildFile; fileRef = 0B4EB4FD1BC4B71300091B3D /* AppDelegate.m */; };
		0B4EB5011BC4B71300091B3D /* ViewController.m in Sources */ = {isa = PBXBuildFile; fileRef = 0B4EB5001BC4B71300091B3D /* ViewController.m */; };
		0B4EB5041BC4B71300091B3D /* Main.storyboard in Resources */ = {isa = PBXBuildFile; fileRef = 0B4EB5021BC4B71300091B3D /* Main.storyboard */; };
		0B4EB5061BC4B71300091B3D /* Assets.xcassets in Resources */ = {isa = PBXBuildFile; fileRef = 0B4EB5051BC4B71300091B3D /* Assets.xcassets */; };
		0B4EB5091BC4B71300091B3D /* LaunchScreen.storyboard in Resources */ = {isa = PBXBuildFile; fileRef = 0B4EB5071BC4B71300091B3D /* LaunchScreen.storyboard */; };
		0B4EB5121BC5400100091B3D /* RPPreviewViewController+Swizzling.m in Sources */ = {isa = PBXBuildFile; fileRef = 0B4EB5111BC5400100091B3D /* RPPreviewViewController+Swizzling.m */; };
		D60125DA1BC76BBB007D4024 /* CoverView.m in Sources */ = {isa = PBXBuildFile; fileRef = D60125D91BC76BBB007D4024 /* CoverView.m */; settings = {ASSET_TAGS = (); }; };
		D66462B71BC63CBF0057EAA2 /* RecordController.m in Sources */ = {isa = PBXBuildFile; fileRef = D66462B61BC63CBF0057EAA2 /* RecordController.m */; settings = {ASSET_TAGS = (); }; };
		D66462BB1BC63D620057EAA2 /* MediaToolbox.framework in Frameworks */ = {isa = PBXBuildFile; fileRef = D66462BA1BC63D620057EAA2 /* MediaToolbox.framework */; };
/* End PBXBuildFile section */

/* Begin PBXFileReference section */
		0B4EB4F61BC4B71300091B3D /* replayKitDemo.app */ = {isa = PBXFileReference; explicitFileType = wrapper.application; includeInIndex = 0; path = replayKitDemo.app; sourceTree = BUILT_PRODUCTS_DIR; };
		0B4EB4FA1BC4B71300091B3D /* main.m */ = {isa = PBXFileReference; lastKnownFileType = sourcecode.c.objc; path = main.m; sourceTree = "<group>"; };
		0B4EB4FC1BC4B71300091B3D /* AppDelegate.h */ = {isa = PBXFileReference; lastKnownFileType = sourcecode.c.h; path = AppDelegate.h; sourceTree = "<group>"; };
		0B4EB4FD1BC4B71300091B3D /* AppDelegate.m */ = {isa = PBXFileReference; lastKnownFileType = sourcecode.c.objc; path = AppDelegate.m; sourceTree = "<group>"; };
		0B4EB4FF1BC4B71300091B3D /* ViewController.h */ = {isa = PBXFileReference; lastKnownFileType = sourcecode.c.h; path = ViewController.h; sourceTree = "<group>"; };
		0B4EB5001BC4B71300091B3D /* ViewController.m */ = {isa = PBXFileReference; lastKnownFileType = sourcecode.c.objc; path = ViewController.m; sourceTree = "<group>"; };
		0B4EB5031BC4B71300091B3D /* Base */ = {isa = PBXFileReference; lastKnownFileType = file.storyboard; name = Base; path = Base.lproj/Main.storyboard; sourceTree = "<group>"; };
		0B4EB5051BC4B71300091B3D /* Assets.xcassets */ = {isa = PBXFileReference; lastKnownFileType = folder.assetcatalog; path = Assets.xcassets; sourceTree = "<group>"; };
		0B4EB5081BC4B71300091B3D /* Base */ = {isa = PBXFileReference; lastKnownFileType = file.storyboard; name = Base; path = Base.lproj/LaunchScreen.storyboard; sourceTree = "<group>"; };
		0B4EB50A1BC4B71300091B3D /* Info.plist */ = {isa = PBXFileReference; lastKnownFileType = text.plist.xml; path = Info.plist; sourceTree = "<group>"; };
		0B4EB5101BC5400100091B3D /* RPPreviewViewController+Swizzling.h */ = {isa = PBXFileReference; fileEncoding = 4; lastKnownFileType = sourcecode.c.h; path = "RPPreviewViewController+Swizzling.h"; sourceTree = "<group>"; };
		0B4EB5111BC5400100091B3D /* RPPreviewViewController+Swizzling.m */ = {isa = PBXFileReference; fileEncoding = 4; lastKnownFileType = sourcecode.c.objc; path = "RPPreviewViewController+Swizzling.m"; sourceTree = "<group>"; };
		D60125D81BC76BBB007D4024 /* CoverView.h */ = {isa = PBXFileReference; fileEncoding = 4; lastKnownFileType = sourcecode.c.h; path = CoverView.h; sourceTree = "<group>"; };
		D60125D91BC76BBB007D4024 /* CoverView.m */ = {isa = PBXFileReference; fileEncoding = 4; lastKnownFileType = sourcecode.c.objc; path = CoverView.m; sourceTree = "<group>"; };
		D66462B51BC63CBF0057EAA2 /* RecordController.h */ = {isa = PBXFileReference; fileEncoding = 4; lastKnownFileType = sourcecode.c.h; path = RecordController.h; sourceTree = "<group>"; };
		D66462B61BC63CBF0057EAA2 /* RecordController.m */ = {isa = PBXFileReference; fileEncoding = 4; lastKnownFileType = sourcecode.c.objc; path = RecordController.m; sourceTree = "<group>"; };
		D66462BA1BC63D620057EAA2 /* MediaToolbox.framework */ = {isa = PBXFileReference; lastKnownFileType = wrapper.framework; name = MediaToolbox.framework; path = System/Library/Frameworks/MediaToolbox.framework; sourceTree = SDKROOT; };
/* End PBXFileReference section */

/* Begin PBXFrameworksBuildPhase section */
		0B4EB4F31BC4B71300091B3D /* Frameworks */ = {
			isa = PBXFrameworksBuildPhase;
			buildActionMask = 2147483647;
			files = (
				D66462BB1BC63D620057EAA2 /* MediaToolbox.framework in Frameworks */,
			);
			runOnlyForDeploymentPostprocessing = 0;
		};
/* End PBXFrameworksBuildPhase section */

/* Begin PBXGroup section */
		0B4EB4ED1BC4B71300091B3D = {
			isa = PBXGroup;
			children = (
				D66462BA1BC63D620057EAA2 /* MediaToolbox.framework */,
				0B4EB4F81BC4B71300091B3D /* replayKitDemo */,
				0B4EB4F71BC4B71300091B3D /* Products */,
			);
			sourceTree = "<group>";
		};
		0B4EB4F71BC4B71300091B3D /* Products */ = {
			isa = PBXGroup;
			children = (
				0B4EB4F61BC4B71300091B3D /* replayKitDemo.app */,
			);
			name = Products;
			sourceTree = "<group>";
		};
		0B4EB4F81BC4B71300091B3D /* replayKitDemo */ = {
			isa = PBXGroup;
			children = (
				0B4EB4FC1BC4B71300091B3D /* AppDelegate.h */,
				0B4EB4FD1BC4B71300091B3D /* AppDelegate.m */,
				0B4EB4FF1BC4B71300091B3D /* ViewController.h */,
				0B4EB5001BC4B71300091B3D /* ViewController.m */,
				0B4EB5101BC5400100091B3D /* RPPreviewViewController+Swizzling.h */,
				0B4EB5111BC5400100091B3D /* RPPreviewViewController+Swizzling.m */,
				D60125D81BC76BBB007D4024 /* CoverView.h */,
				D60125D91BC76BBB007D4024 /* CoverView.m */,
				0B4EB5021BC4B71300091B3D /* Main.storyboard */,
				0B4EB5051BC4B71300091B3D /* Assets.xcassets */,
				0B4EB5071BC4B71300091B3D /* LaunchScreen.storyboard */,
				0B4EB50A1BC4B71300091B3D /* Info.plist */,
				D66462B51BC63CBF0057EAA2 /* RecordController.h */,
				D66462B61BC63CBF0057EAA2 /* RecordController.m */,
				0B4EB4F91BC4B71300091B3D /* Supporting Files */,
			);
			path = replayKitDemo;
			sourceTree = "<group>";
		};
		0B4EB4F91BC4B71300091B3D /* Supporting Files */ = {
			isa = PBXGroup;
			children = (
				0B4EB4FA1BC4B71300091B3D /* main.m */,
			);
			name = "Supporting Files";
			sourceTree = "<group>";
		};
/* End PBXGroup section */

/* Begin PBXNativeTarget section */
		0B4EB4F51BC4B71300091B3D /* replayKitDemo */ = {
			isa = PBXNativeTarget;
			buildConfigurationList = 0B4EB50D1BC4B71300091B3D /* Build configuration list for PBXNativeTarget "replayKitDemo" */;
			buildPhases = (
				0B4EB4F21BC4B71300091B3D /* Sources */,
				0B4EB4F31BC4B71300091B3D /* Frameworks */,
				0B4EB4F41BC4B71300091B3D /* Resources */,
			);
			buildRules = (
			);
			dependencies = (
			);
			name = replayKitDemo;
			productName = replayKitDemo;
			productReference = 0B4EB4F61BC4B71300091B3D /* replayKitDemo.app */;
			productType = "com.apple.product-type.application";
		};
/* End PBXNativeTarget section */

/* Begin PBXProject section */
		0B4EB4EE1BC4B71300091B3D /* Project object */ = {
			isa = PBXProject;
			attributes = {
				LastUpgradeCheck = 0700;
				ORGANIZATIONNAME = JoeySong;
				TargetAttributes = {
					0B4EB4F51BC4B71300091B3D = {
						CreatedOnToolsVersion = 7.0;
						DevelopmentTeam = EL653ZN3QZ;
					};
				};
			};
			buildConfigurationList = 0B4EB4F11BC4B71300091B3D /* Build configuration list for PBXProject "replayKitDemo" */;
			compatibilityVersion = "Xcode 3.2";
			developmentRegion = English;
			hasScannedForEncodings = 0;
			knownRegions = (
				en,
				Base,
			);
			mainGroup = 0B4EB4ED1BC4B71300091B3D;
			productRefGroup = 0B4EB4F71BC4B71300091B3D /* Products */;
			projectDirPath = "";
			projectRoot = "";
			targets = (
				0B4EB4F51BC4B71300091B3D /* replayKitDemo */,
			);
		};
/* End PBXProject section */

/* Begin PBXResourcesBuildPhase section */
		0B4EB4F41BC4B71300091B3D /* Resources */ = {
			isa = PBXResourcesBuildPhase;
			buildActionMask = 2147483647;
			files = (
				0B4EB5091BC4B71300091B3D /* LaunchScreen.storyboard in Resources */,
				0B4EB5061BC4B71300091B3D /* Assets.xcassets in Resources */,
				0B4EB5041BC4B71300091B3D /* Main.storyboard in Resources */,
			);
			runOnlyForDeploymentPostprocessing = 0;
		};
/* End PBXResourcesBuildPhase section */

/* Begin PBXSourcesBuildPhase section */
		0B4EB4F21BC4B71300091B3D /* Sources */ = {
			isa = PBXSourcesBuildPhase;
			buildActionMask = 2147483647;
			files = (
				0B4EB5011BC4B71300091B3D /* ViewController.m in Sources */,
				0B4EB5121BC5400100091B3D /* RPPreviewViewController+Swizzling.m in Sources */,
				0B4EB4FE1BC4B71300091B3D /* AppDelegate.m in Sources */,
				D66462B71BC63CBF0057EAA2 /* RecordController.m in Sources */,
				D60125DA1BC76BBB007D4024 /* CoverView.m in Sources */,
				0B4EB4FB1BC4B71300091B3D /* main.m in Sources */,
			);
			runOnlyForDeploymentPostprocessing = 0;
		};
/* End PBXSourcesBuildPhase section */

/* Begin PBXVariantGroup section */
		0B4EB5021BC4B71300091B3D /* Main.storyboard */ = {
			isa = PBXVariantGroup;
			children = (
				0B4EB5031BC4B71300091B3D /* Base */,
			);
			name = Main.storyboard;
			sourceTree = "<group>";
		};
		0B4EB5071BC4B71300091B3D /* LaunchScreen.storyboard */ = {
			isa = PBXVariantGroup;
			children = (
				0B4EB5081BC4B71300091B3D /* Base */,
			);
			name = LaunchScreen.storyboard;
			sourceTree = "<group>";
		};
/* End PBXVariantGroup section */

/* Begin XCBuildConfiguration section */
		0B4EB50B1BC4B71300091B3D /* Debug */ = {
			isa = XCBuildConfiguration;
			buildSettings = {
				ALWAYS_SEARCH_USER_PATHS = NO;
				CLANG_CXX_LANGUAGE_STANDARD = "gnu++0x";
				CLANG_CXX_LIBRARY = "libc++";
				CLANG_ENABLE_MODULES = YES;
				CLANG_ENABLE_OBJC_ARC = YES;
				CLANG_WARN_BOOL_CONVERSION = YES;
				CLANG_WARN_CONSTANT_CONVERSION = YES;
				CLANG_WARN_DIRECT_OBJC_ISA_USAGE = YES_ERROR;
				CLANG_WARN_EMPTY_BODY = YES;
				CLANG_WARN_ENUM_CONVERSION = YES;
				CLANG_WARN_INT_CONVERSION = YES;
				CLANG_WARN_OBJC_ROOT_CLASS = YES_ERROR;
				CLANG_WARN_UNREACHABLE_CODE = YES;
				CLANG_WARN__DUPLICATE_METHOD_MATCH = YES;
				"CODE_SIGN_IDENTITY[sdk=iphoneos*]" = "iPhone Developer";
				COPY_PHASE_STRIP = NO;
				DEBUG_INFORMATION_FORMAT = dwarf;
				ENABLE_STRICT_OBJC_MSGSEND = YES;
				ENABLE_TESTABILITY = YES;
				GCC_C_LANGUAGE_STANDARD = gnu99;
				GCC_DYNAMIC_NO_PIC = NO;
				GCC_NO_COMMON_BLOCKS = YES;
				GCC_OPTIMIZATION_LEVEL = 0;
				GCC_PREPROCESSOR_DEFINITIONS = (
					"DEBUG=1",
					"$(inherited)",
				);
				GCC_WARN_64_TO_32_BIT_CONVERSION = YES;
				GCC_WARN_ABOUT_RETURN_TYPE = YES_ERROR;
				GCC_WARN_UNDECLARED_SELECTOR = YES;
				GCC_WARN_UNINITIALIZED_AUTOS = YES_AGGRESSIVE;
				GCC_WARN_UNUSED_FUNCTION = YES;
				GCC_WARN_UNUSED_VARIABLE = YES;
				IPHONEOS_DEPLOYMENT_TARGET = 9.0;
				MTL_ENABLE_DEBUG_INFO = YES;
				ONLY_ACTIVE_ARCH = YES;
				SDKROOT = iphoneos;
			};
			name = Debug;
		};
		0B4EB50C1BC4B71300091B3D /* Release */ = {
			isa = XCBuildConfiguration;
			buildSettings = {
				ALWAYS_SEARCH_USER_PATHS = NO;
				CLANG_CXX_LANGUAGE_STANDARD = "gnu++0x";
				CLANG_CXX_LIBRARY = "libc++";
				CLANG_ENABLE_MODULES = YES;
				CLANG_ENABLE_OBJC_ARC = YES;
				CLANG_WARN_BOOL_CONVERSION = YES;
				CLANG_WARN_CONSTANT_CONVERSION = YES;
				CLANG_WARN_DIRECT_OBJC_ISA_USAGE = YES_ERROR;
				CLANG_WARN_EMPTY_BODY = YES;
				CLANG_WARN_ENUM_CONVERSION = YES;
				CLANG_WARN_INT_CONVERSION = YES;
				CLANG_WARN_OBJC_ROOT_CLASS = YES_ERROR;
				CLANG_WARN_UNREACHABLE_CODE = YES;
				CLANG_WARN__DUPLICATE_METHOD_MATCH = YES;
				"CODE_SIGN_IDENTITY[sdk=iphoneos*]" = "iPhone Developer";
				COPY_PHASE_STRIP = NO;
				DEBUG_INFORMATION_FORMAT = "dwarf-with-dsym";
				ENABLE_NS_ASSERTIONS = NO;
				ENABLE_STRICT_OBJC_MSGSEND = YES;
				GCC_C_LANGUAGE_STANDARD = gnu99;
				GCC_NO_COMMON_BLOCKS = YES;
				GCC_WARN_64_TO_32_BIT_CONVERSION = YES;
				GCC_WARN_ABOUT_RETURN_TYPE = YES_ERROR;
				GCC_WARN_UNDECLARED_SELECTOR = YES;
				GCC_WARN_UNINITIALIZED_AUTOS = YES_AGGRESSIVE;
				GCC_WARN_UNUSED_FUNCTION = YES;
				GCC_WARN_UNUSED_VARIABLE = YES;
				IPHONEOS_DEPLOYMENT_TARGET = 9.0;
				MTL_ENABLE_DEBUG_INFO = NO;
				SDKROOT = iphoneos;
				VALIDATE_PRODUCT = YES;
			};
			name = Release;
		};
		0B4EB50E1BC4B71300091B3D /* Debug */ = {
			isa = XCBuildConfiguration;
			buildSettings = {
				ASSETCATALOG_COMPILER_APPICON_NAME = AppIcon;
				CODE_SIGN_IDENTITY = "iPhone Developer";
				INFOPLIST_FILE = replayKitDemo/Info.plist;
				IPHONEOS_DEPLOYMENT_TARGET = 9.0;
				LD_RUNPATH_SEARCH_PATHS = "$(inherited) @executable_path/Frameworks";
				PRODUCT_BUNDLE_IDENTIFIER = www.aipai.com;
				PRODUCT_NAME = "$(TARGET_NAME)";
			};
			name = Debug;
		};
		0B4EB50F1BC4B71300091B3D /* Release */ = {
			isa = XCBuildConfiguration;
			buildSettings = {
				ASSETCATALOG_COMPILER_APPICON_NAME = AppIcon;
				CODE_SIGN_IDENTITY = "iPhone Developer";
				INFOPLIST_FILE = replayKitDemo/Info.plist;
				IPHONEOS_DEPLOYMENT_TARGET = 9.0;
				LD_RUNPATH_SEARCH_PATHS = "$(inherited) @executable_path/Frameworks";
				PRODUCT_BUNDLE_IDENTIFIER = www.aipai.com;
				PRODUCT_NAME = "$(TARGET_NAME)";
			};
			name = Release;
		};
/* End XCBuildConfiguration section */

/* Begin XCConfigurationList section */
		0B4EB4F11BC4B71300091B3D /* Build configuration list for PBXProject "replayKitDemo" */ = {
			isa = XCConfigurationList;
			buildConfigurations = (
				0B4EB50B1BC4B71300091B3D /* Debug */,
				0B4EB50C1BC4B71300091B3D /* Release */,
			);
			defaultConfigurationIsVisible = 0;
			defaultConfigurationName = Release;
		};
		0B4EB50D1BC4B71300091B3D /* Build configuration list for PBXNativeTarget "replayKitDemo" */ = {
			isa = XCConfigurationList;
			buildConfigurations = (
				0B4EB50E1BC4B71300091B3D /* Debug */,
				0B4EB50F1BC4B71300091B3D /* Release */,
			);
			defaultConfigurationIsVisible = 0;
			defaultConfigurationName = Release;
		};
/* End XCConfigurationList section */
	};
	rootObject = 0B4EB4EE1BC4B71300091B3D /* Project object */;
}
